// !$*UTF8*$!
{
	archiveVersion = 1;
	classes = {
	};
	objectVersion = 46;
	objects = {

/* Begin PBXBuildFile section */
		3DC455191A72D4B800B14BB7 /* AppDelegate.swift in Sources */ = {isa = PBXBuildFile; fileRef = 3DC455181A72D4B800B14BB7 /* AppDelegate.swift */; };
		3DC4551B1A72D4B800B14BB7 /* ViewController.swift in Sources */ = {isa = PBXBuildFile; fileRef = 3DC4551A1A72D4B800B14BB7 /* ViewController.swift */; };
		3DC4551E1A72D4B800B14BB7 /* Main.storyboard in Resources */ = {isa = PBXBuildFile; fileRef = 3DC4551C1A72D4B800B14BB7 /* Main.storyboard */; };
		3DC455201A72D4B800B14BB7 /* Images.xcassets in Resources */ = {isa = PBXBuildFile; fileRef = 3DC4551F1A72D4B800B14BB7 /* Images.xcassets */; };
		3DC455231A72D4B800B14BB7 /* LaunchScreen.xib in Resources */ = {isa = PBXBuildFile; fileRef = 3DC455211A72D4B800B14BB7 /* LaunchScreen.xib */; };
		3DC4552F1A72D4B800B14BB7 /* Week1Tests.swift in Sources */ = {isa = PBXBuildFile; fileRef = 3DC4552E1A72D4B800B14BB7 /* Week1Tests.swift */; };
/* End PBXBuildFile section */

/* Begin PBXContainerItemProxy section */
		3DC455291A72D4B800B14BB7 /* PBXContainerItemProxy */ = {
			isa = PBXContainerItemProxy;
			containerPortal = 3DC4550B1A72D4B800B14BB7 /* Project object */;
			proxyType = 1;
			remoteGlobalIDString = 3DC455121A72D4B800B14BB7;
			remoteInfo = Week1;
		};
/* End PBXContainerItemProxy section */

/* Begin PBXFileReference section */
		3DC455131A72D4B800B14BB7 /* Week1.app */ = {isa = PBXFileReference; explicitFileType = wrapper.application; includeInIndex = 0; path = Week1.app; sourceTree = BUILT_PRODUCTS_DIR; };
		3DC455171A72D4B800B14BB7 /* Info.plist */ = {isa = PBXFileReference; lastKnownFileType = text.plist.xml; path = Info.plist; sourceTree = "<group>"; };
		3DC455181A72D4B800B14BB7 /* AppDelegate.swift */ = {isa = PBXFileReference; lastKnownFileType = sourcecode.swift; path = AppDelegate.swift; sourceTree = "<group>"; };
		3DC4551A1A72D4B800B14BB7 /* ViewController.swift */ = {isa = PBXFileReference; lastKnownFileType = sourcecode.swift; path = ViewController.swift; sourceTree = "<group>"; };
		3DC4551D1A72D4B800B14BB7 /* Base */ = {isa = PBXFileReference; lastKnownFileType = file.storyboard; name = Base; path = Base.lproj/Main.storyboard; sourceTree = "<group>"; };
		3DC4551F1A72D4B800B14BB7 /* Images.xcassets */ = {isa = PBXFileReference; lastKnownFileType = folder.assetcatalog; path = Images.xcassets; sourceTree = "<group>"; };
		3DC455221A72D4B800B14BB7 /* Base */ = {isa = PBXFileReference; lastKnownFileType = file.xib; name = Base; path = Base.lproj/LaunchScreen.xib; sourceTree = "<group>"; };
		3DC455281A72D4B800B14BB7 /* Week1Tests.xctest */ = {isa = PBXFileReference; explicitFileType = wrapper.cfbundle; includeInIndex = 0; path = Week1Tests.xctest; sourceTree = BUILT_PRODUCTS_DIR; };
		3DC4552D1A72D4B800B14BB7 /* Info.plist */ = {isa = PBXFileReference; lastKnownFileType = text.plist.xml; path = Info.plist; sourceTree = "<group>"; };
		3DC4552E1A72D4B800B14BB7 /* Week1Tests.swift */ = {isa = PBXFileReference; lastKnownFileType = sourcecode.swift; path = Week1Tests.swift; sourceTree = "<group>"; };
/* End PBXFileReference section */

/* Begin PBXFrameworksBuildPhase section */
		3DC455101A72D4B800B14BB7 /* Frameworks */ = {
			isa = PBXFrameworksBuildPhase;
			buildActionMask = 2147483647;
			files = (
			);
			runOnlyForDeploymentPostprocessing = 0;
		};
		3DC455251A72D4B800B14BB7 /* Frameworks */ = {
			isa = PBXFrameworksBuildPhase;
			buildActionMask = 2147483647;
			files = (
			);
			runOnlyForDeploymentPostprocessing = 0;
		};
/* End PBXFrameworksBuildPhase section */

/* Begin PBXGroup section */
		3DC4550A1A72D4B800B14BB7 = {
			isa = PBXGroup;
			children = (
				3DC455151A72D4B800B14BB7 /* Week1 */,
				3DC4552B1A72D4B800B14BB7 /* Week1Tests */,
				3DC455141A72D4B800B14BB7 /* Products */,
			);
			sourceTree = "<group>";
		};
		3DC455141A72D4B800B14BB7 /* Products */ = {
			isa = PBXGroup;
			children = (
				3DC455131A72D4B800B14BB7 /* Week1.app */,
				3DC455281A72D4B800B14BB7 /* Week1Tests.xctest */,
			);
			name = Products;
			sourceTree = "<group>";
		};
		3DC455151A72D4B800B14BB7 /* Week1 */ = {
			isa = PBXGroup;
			children = (
				3DC455181A72D4B800B14BB7 /* AppDelegate.swift */,
				3DC4551A1A72D4B800B14BB7 /* ViewController.swift */,
				3DC4551C1A72D4B800B14BB7 /* Main.storyboard */,
				3DC4551F1A72D4B800B14BB7 /* Images.xcassets */,
				3DC455211A72D4B800B14BB7 /* LaunchScreen.xib */,
				3DC455161A72D4B800B14BB7 /* Supporting Files */,
			);
			path = Week1;
			sourceTree = "<group>";
		};
		3DC455161A72D4B800B14BB7 /* Supporting Files */ = {
			isa = PBXGroup;
			children = (
				3DC455171A72D4B800B14BB7 /* Info.plist */,
			);
			name = "Supporting Files";
			sourceTree = "<group>";
		};
		3DC4552B1A72D4B800B14BB7 /* Week1Tests */ = {
			isa = PBXGroup;
			children = (
				3DC4552E1A72D4B800B14BB7 /* Week1Tests.swift */,
				3DC4552C1A72D4B800B14BB7 /* Supporting Files */,
			);
			path = Week1Tests;
			sourceTree = "<group>";
		};
		3DC4552C1A72D4B800B14BB7 /* Supporting Files */ = {
			isa = PBXGroup;
			children = (
				3DC4552D1A72D4B800B14BB7 /* Info.plist */,
			);
			name = "Supporting Files";
			sourceTree = "<group>";
		};
/* End PBXGroup section */

/* Begin PBXNativeTarget section */
		3DC455121A72D4B800B14BB7 /* Week1 */ = {
			isa = PBXNativeTarget;
			buildConfigurationList = 3DC455321A72D4B800B14BB7 /* Build configuration list for PBXNativeTarget "Week1" */;
			buildPhases = (
				3DC4550F1A72D4B800B14BB7 /* Sources */,
				3DC455101A72D4B800B14BB7 /* Frameworks */,
				3DC455111A72D4B800B14BB7 /* Resources */,
			);
			buildRules = (
			);
			dependencies = (
			);
			name = Week1;
			productName = Week1;
			productReference = 3DC455131A72D4B800B14BB7 /* Week1.app */;
			productType = "com.apple.product-type.application";
		};
		3DC455271A72D4B800B14BB7 /* Week1Tests */ = {
			isa = PBXNativeTarget;
			buildConfigurationList = 3DC455351A72D4B800B14BB7 /* Build configuration list for PBXNativeTarget "Week1Tests" */;
			buildPhases = (
				3DC455241A72D4B800B14BB7 /* Sources */,
				3DC455251A72D4B800B14BB7 /* Frameworks */,
				3DC455261A72D4B800B14BB7 /* Resources */,
			);
			buildRules = (
			);
			dependencies = (
				3DC4552A1A72D4B800B14BB7 /* PBXTargetDependency */,
			);
			name = Week1Tests;
			productName = Week1Tests;
			productReference = 3DC455281A72D4B800B14BB7 /* Week1Tests.xctest */;
			productType = "com.apple.product-type.bundle.unit-test";
		};
/* End PBXNativeTarget section */

/* Begin PBXProject section */
		3DC4550B1A72D4B800B14BB7 /* Project object */ = {
			isa = PBXProject;
			attributes = {
				LastUpgradeCheck = 0610;
				ORGANIZATIONNAME = "Maya Venkatraman";
				TargetAttributes = {
					3DC455121A72D4B800B14BB7 = {
						CreatedOnToolsVersion = 6.1.1;
					};
					3DC455271A72D4B800B14BB7 = {
						CreatedOnToolsVersion = 6.1.1;
						TestTargetID = 3DC455121A72D4B800B14BB7;
					};
				};
			};
			buildConfigurationList = 3DC4550E1A72D4B800B14BB7 /* Build configuration list for PBXProject "Week1" */;
			compatibilityVersion = "Xcode 3.2";
			developmentRegion = English;
			hasScannedForEncodings = 0;
			knownRegions = (
				en,
				Base,
			);
			mainGroup = 3DC4550A1A72D4B800B14BB7;
			productRefGroup = 3DC455141A72D4B800B14BB7 /* Products */;
			projectDirPath = "";
			projectRoot = "";
			targets = (
				3DC455121A72D4B800B14BB7 /* Week1 */,
				3DC455271A72D4B800B14BB7 /* Week1Tests */,
			);
		};
/* End PBXProject section */

/* Begin PBXResourcesBuildPhase section */
		3DC455111A72D4B800B14BB7 /* Resources */ = {
			isa = PBXResourcesBuildPhase;
			buildActionMask = 2147483647;
			files = (
				3DC4551E1A72D4B800B14BB7 /* Main.storyboard in Resources */,
				3DC455231A72D4B800B14BB7 /* LaunchScreen.xib in Resources */,
				3DC455201A72D4B800B14BB7 /* Images.xcassets in Resources */,
			);
			runOnlyForDeploymentPostprocessing = 0;
		};
		3DC455261A72D4B800B14BB7 /* Resources */ = {
			isa = PBXResourcesBuildPhase;
			buildActionMask = 2147483647;
			files = (
			);
			runOnlyForDeploymentPostprocessing = 0;
		};
/* End PBXResourcesBuildPhase section */

/* Begin PBXSourcesBuildPhase section */
		3DC4550F1A72D4B800B14BB7 /* Sources */ = {
			isa = PBXSourcesBuildPhase;
			buildActionMask = 2147483647;
			files = (
				3DC4551B1A72D4B800B14BB7 /* ViewController.swift in Sources */,
				3DC455191A72D4B800B14BB7 /* AppDelegate.swift in Sources */,
			);
			runOnlyForDeploymentPostprocessing = 0;
		};
		3DC455241A72D4B800B14BB7 /* Sources */ = {
			isa = PBXSourcesBuildPhase;
			buildActionMask = 2147483647;
			files = (
				3DC4552F1A72D4B800B14BB7 /* Week1Tests.swift in Sources */,
			);
			runOnlyForDeploymentPostprocessing = 0;
		};
/* End PBXSourcesBuildPhase section */

/* Begin PBXTargetDependency section */
		3DC4552A1A72D4B800B14BB7 /* PBXTargetDependency */ = {
			isa = PBXTargetDependency;
			target = 3DC455121A72D4B800B14BB7 /* Week1 */;
			targetProxy = 3DC455291A72D4B800B14BB7 /* PBXContainerItemProxy */;
		};
/* End PBXTargetDependency section */

/* Begin PBXVariantGroup section */
		3DC4551C1A72D4B800B14BB7 /* Main.storyboard */ = {
			isa = PBXVariantGroup;
			children = (
				3DC4551D1A72D4B800B14BB7 /* Base */,
			);
			name = Main.storyboard;
			sourceTree = "<group>";
		};
		3DC455211A72D4B800B14BB7 /* LaunchScreen.xib */ = {
			isa = PBXVariantGroup;
			children = (
				3DC455221A72D4B800B14BB7 /* Base */,
			);
			name = LaunchScreen.xib;
			sourceTree = "<group>";
		};
/* End PBXVariantGroup section */

/* Begin XCBuildConfiguration section */
		3DC455301A72D4B800B14BB7 /* Debug */ = {
			isa = XCBuildConfiguration;
			buildSettings = {
				ALWAYS_SEARCH_USER_PATHS = NO;
				CLANG_CXX_LANGUAGE_STANDARD = "gnu++0x";
				CLANG_CXX_LIBRARY = "libc++";
				CLANG_ENABLE_MODULES = YES;
				CLANG_ENABLE_OBJC_ARC = YES;
				CLANG_WARN_BOOL_CONVERSION = YES;
				CLANG_WARN_CONSTANT_CONVERSION = YES;
				CLANG_WARN_DIRECT_OBJC_ISA_USAGE = YES_ERROR;
				CLANG_WARN_EMPTY_BODY = YES;
				CLANG_WARN_ENUM_CONVERSION = YES;
				CLANG_WARN_INT_CONVERSION = YES;
				CLANG_WARN_OBJC_ROOT_CLASS = YES_ERROR;
				CLANG_WARN_UNREACHABLE_CODE = YES;
				CLANG_WARN__DUPLICATE_METHOD_MATCH = YES;
				"CODE_SIGN_IDENTITY[sdk=iphoneos*]" = "iPhone Developer";
				COPY_PHASE_STRIP = NO;
				ENABLE_STRICT_OBJC_MSGSEND = YES;
				GCC_C_LANGUAGE_STANDARD = gnu99;
				GCC_DYNAMIC_NO_PIC = NO;
				GCC_OPTIMIZATION_LEVEL = 0;
				GCC_PREPROCESSOR_DEFINITIONS = (
					"DEBUG=1",
					"$(inherited)",
				);
				GCC_SYMBOLS_PRIVATE_EXTERN = NO;
				GCC_WARN_64_TO_32_BIT_CONVERSION = YES;
				GCC_WARN_ABOUT_RETURN_TYPE = YES_ERROR;
				GCC_WARN_UNDECLARED_SELECTOR = YES;
				GCC_WARN_UNINITIALIZED_AUTOS = YES_AGGRESSIVE;
				GCC_WARN_UNUSED_FUNCTION = YES;
				GCC_WARN_UNUSED_VARIABLE = YES;
				IPHONEOS_DEPLOYMENT_TARGET = 8.1;
				MTL_ENABLE_DEBUG_INFO = YES;
				ONLY_ACTIVE_ARCH = YES;
				SDKROOT = iphoneos;
				SWIFT_OPTIMIZATION_LEVEL = "-Onone";
			};
			name = Debug;
		};
		3DC455311A72D4B800B14BB7 /* Release */ = {
			isa = XCBuildConfiguration;
			buildSettings = {
				ALWAYS_SEARCH_USER_PATHS = NO;
				CLANG_CXX_LANGUAGE_STANDARD = "gnu++0x";
				CLANG_CXX_LIBRARY = "libc++";
				CLANG_ENABLE_MODULES = YES;
				CLANG_ENABLE_OBJC_ARC = YES;
				CLANG_WARN_BOOL_CONVERSION = YES;
				CLANG_WARN_CONSTANT_CONVERSION = YES;
				CLANG_WARN_DIRECT_OBJC_ISA_USAGE = YES_ERROR;
				CLANG_WARN_EMPTY_BODY = YES;
				CLANG_WARN_ENUM_CONVERSION = YES;
				CLANG_WARN_INT_CONVERSION = YES;
				CLANG_WARN_OBJC_ROOT_CLASS = YES_ERROR;
				CLANG_WARN_UNREACHABLE_CODE = YES;
				CLANG_WARN__DUPLICATE_METHOD_MATCH = YES;
				"CODE_SIGN_IDENTITY[sdk=iphoneos*]" = "iPhone Developer";
				COPY_PHASE_STRIP = YES;
				ENABLE_NS_ASSERTIONS = NO;
				ENABLE_STRICT_OBJC_MSGSEND = YES;
				GCC_C_LANGUAGE_STANDARD = gnu99;
				GCC_WARN_64_TO_32_BIT_CONVERSION = YES;
				GCC_WARN_ABOUT_RETURN_TYPE = YES_ERROR;
				GCC_WARN_UNDECLARED_SELECTOR = YES;
				GCC_WARN_UNINITIALIZED_AUTOS = YES_AGGRESSIVE;
				GCC_WARN_UNUSED_FUNCTION = YES;
				GCC_WARN_UNUSED_VARIABLE = YES;
				IPHONEOS_DEPLOYMENT_TARGET = 8.1;
				MTL_ENABLE_DEBUG_INFO = NO;
				SDKROOT = iphoneos;
				VALIDATE_PRODUCT = YES;
			};
			name = Release;
		};
		3DC455331A72D4B800B14BB7 /* Debug */ = {
			isa = XCBuildConfiguration;
			buildSettings = {
				ASSETCATALOG_COMPILER_APPICON_NAME = AppIcon;
				INFOPLIST_FILE = Week1/Info.plist;
				LD_RUNPATH_SEARCH_PATHS = "$(inherited) @executable_path/Frameworks";
				PRODUCT_NAME = "$(TARGET_NAME)";
			};
			name = Debug;
		};
		3DC455341A72D4B800B14BB7 /* Release */ = {
			isa = XCBuildConfiguration;
			buildSettings = {
				ASSETCATALOG_COMPILER_APPICON_NAME = AppIcon;
				INFOPLIST_FILE = Week1/Info.plist;
				LD_RUNPATH_SEARCH_PATHS = "$(inherited) @executable_path/Frameworks";
				PRODUCT_NAME = "$(TARGET_NAME)";
			};
			name = Release;
		};
		3DC455361A72D4B800B14BB7 /* Debug */ = {
			isa = XCBuildConfiguration;
			buildSettings = {
				BUNDLE_LOADER = "$(TEST_HOST)";
				FRAMEWORK_SEARCH_PATHS = (
					"$(SDKROOT)/Developer/Library/Frameworks",
					"$(inherited)",
				);
				GCC_PREPROCESSOR_DEFINITIONS = (
					"DEBUG=1",
					"$(inherited)",
				);
				INFOPLIST_FILE = Week1Tests/Info.plist;
				LD_RUNPATH_SEARCH_PATHS = "$(inherited) @executable_path/Frameworks @loader_path/Frameworks";
				PRODUCT_NAME = "$(TARGET_NAME)";
				TEST_HOST = "$(BUILT_PRODUCTS_DIR)/Week1.app/Week1";
			};
			name = Debug;
		};
		3DC455371A72D4B800B14BB7 /* Release */ = {
			isa = XCBuildConfiguration;
			buildSettings = {
				BUNDLE_LOADER = "$(TEST_HOST)";
				FRAMEWORK_SEARCH_PATHS = (
					"$(SDKROOT)/Developer/Library/Frameworks",
					"$(inherited)",
				);
				INFOPLIST_FILE = Week1Tests/Info.plist;
				LD_RUNPATH_SEARCH_PATHS = "$(inherited) @executable_path/Frameworks @loader_path/Frameworks";
				PRODUCT_NAME = "$(TARGET_NAME)";
				TEST_HOST = "$(BUILT_PRODUCTS_DIR)/Week1.app/Week1";
			};
			name = Release;
		};
/* End XCBuildConfiguration section */

/* Begin XCConfigurationList section */
		3DC4550E1A72D4B800B14BB7 /* Build configuration list for PBXProject "Week1" */ = {
			isa = XCConfigurationList;
			buildConfigurations = (
				3DC455301A72D4B800B14BB7 /* Debug */,
				3DC455311A72D4B800B14BB7 /* Release */,
			);
			defaultConfigurationIsVisible = 0;
			defaultConfigurationName = Release;
		};
		3DC455321A72D4B800B14BB7 /* Build configuration list for PBXNativeTarget "Week1" */ = {
			isa = XCConfigurationList;
			buildConfigurations = (
				3DC455331A72D4B800B14BB7 /* Debug */,
				3DC455341A72D4B800B14BB7 /* Release */,
			);
			defaultConfigurationIsVisible = 0;
		};
		3DC455351A72D4B800B14BB7 /* Build configuration list for PBXNativeTarget "Week1Tests" */ = {
			isa = XCConfigurationList;
			buildConfigurations = (
				3DC455361A72D4B800B14BB7 /* Debug */,
				3DC455371A72D4B800B14BB7 /* Release */,
			);
			defaultConfigurationIsVisible = 0;
		};
/* End XCConfigurationList section */
	};
	rootObject = 3DC4550B1A72D4B800B14BB7 /* Project object */;
}
